
Microsoft Visual Studio Solution File, Format Version 12.00
# Visual Studio Version 16
VisualStudioVersion = 16.0.30225.117
MinimumVisualStudioVersion = 10.0.40219.1
Project("{FAE04EC0-301F-11D3-BF4B-00C04F79EFBC}") = "WSImpuestos", "WSImpuestos\WSImpuestos.csproj", "{269163A7-B43E-45E4-A836-B97BAF3475ED}"
EndProject
Global
	GlobalSection(SolutionConfigurationPlatforms) = preSolution
		Debug|Any CPU = Debug|Any CPU
		Release|Any CPU = Release|Any CPU
	EndGlobalSection
	GlobalSection(ProjectConfigurationPlatforms) = postSolution
		{269163A7-B43E-45E4-A836-B97BAF3475ED}.Debug|Any CPU.ActiveCfg = Debug|Any CPU
		{269163A7-B43E-45E4-A836-B97BAF3475ED}.Debug|Any CPU.Build.0 = Debug|Any CPU
		{269163A7-B43E-45E4-A836-B97BAF3475ED}.Release|Any CPU.ActiveCfg = Release|Any CPU
		{269163A7-B43E-45E4-A836-B97BAF3475ED}.Release|Any CPU.Build.0 = Release|Any CPU
	EndGlobalSection
	GlobalSection(SolutionProperties) = preSolution
		HideSolutionNode = FALSE
	EndGlobalSection
	GlobalSection(ExtensibilityGlobals) = postSolution
		SolutionGuid = {10B158E0-48E9-4B66-8201-B6A1CDC45CBA}
	EndGlobalSection
EndGlobal
